
Microsoft Visual Studio Solution File, Format Version 12.00
# Visual Studio Version 16
VisualStudioVersion = 16.0.31624.102
MinimumVisualStudioVersion = 10.0.40219.1
Project("{FAE04EC0-301F-11D3-BF4B-00C04F79EFBC}") = "Archivos", "Archivos\Archivos.csproj", "{881B1E4E-AE6F-4CA1-911F-B490E4F25C3C}"
EndProject
Project("{FAE04EC0-301F-11D3-BF4B-00C04F79EFBC}") = "Entidades", "Entidades\Entidades.csproj", "{088F3F97-04A3-48AA-9436-D72CC120F568}"
EndProject
Project("{FAE04EC0-301F-11D3-BF4B-00C04F79EFBC}") = "Serializacion", "Serializacion\Serializacion.csproj", "{449AE633-5652-4BC3-9208-D646ECF1BA01}"
EndProject
Global
	GlobalSection(SolutionConfigurationPlatforms) = preSolution
		Debug|Any CPU = Debug|Any CPU
		Release|Any CPU = Release|Any CPU
	EndGlobalSection
	GlobalSection(ProjectConfigurationPlatforms) = postSolution
		{881B1E4E-AE6F-4CA1-911F-B490E4F25C3C}.Debug|Any CPU.ActiveCfg = Debug|Any CPU
		{881B1E4E-AE6F-4CA1-911F-B490E4F25C3C}.Debug|Any CPU.Build.0 = Debug|Any CPU
		{881B1E4E-AE6F-4CA1-911F-B490E4F25C3C}.Release|Any CPU.ActiveCfg = Release|Any CPU
		{881B1E4E-AE6F-4CA1-911F-B490E4F25C3C}.Release|Any CPU.Build.0 = Release|Any CPU
		{088F3F97-04A3-48AA-9436-D72CC120F568}.Debug|Any CPU.ActiveCfg = Debug|Any CPU
		{088F3F97-04A3-48AA-9436-D72CC120F568}.Debug|Any CPU.Build.0 = Debug|Any CPU
		{088F3F97-04A3-48AA-9436-D72CC120F568}.Release|Any CPU.ActiveCfg = Release|Any CPU
		{088F3F97-04A3-48AA-9436-D72CC120F568}.Release|Any CPU.Build.0 = Release|Any CPU
		{449AE633-5652-4BC3-9208-D646ECF1BA01}.Debug|Any CPU.ActiveCfg = Debug|Any CPU
		{449AE633-5652-4BC3-9208-D646ECF1BA01}.Debug|Any CPU.Build.0 = Debug|Any CPU
		{449AE633-5652-4BC3-9208-D646ECF1BA01}.Release|Any CPU.ActiveCfg = Release|Any CPU
		{449AE633-5652-4BC3-9208-D646ECF1BA01}.Release|Any CPU.Build.0 = Release|Any CPU
	EndGlobalSection
	GlobalSection(SolutionProperties) = preSolution
		HideSolutionNode = FALSE
	EndGlobalSection
	GlobalSection(ExtensibilityGlobals) = postSolution
		SolutionGuid = {0F91E574-396F-48F5-922F-AAC62106AE6A}
	EndGlobalSection
EndGlobal
